PODS:
  - Flutter (1.0.0)
  - flutter_notification_suite (0.0.1):
    - Flutter

DEPENDENCIES:
  - Flutter (from `Flutter`)
  - flutter_notification_suite (from `.symlinks/plugins/flutter_notification_suite/ios`)

EXTERNAL SOURCES:
  Flutter:
    :path: Flutter
  flutter_notification_suite:
    :path: ".symlinks/plugins/flutter_notification_suite/ios"

SPEC CHECKSUMS:
  Flutter: 0e3d915762c693b495b44d77113d4970485de6ec
  flutter_notification_suite: 1a1de8bc071f0c05c26b7b08966905f2ff263709

PODFILE CHECKSUM: aafe91acc616949ddb318b77800a7f51bffa2a4c

COCOAPODS: 1.8.4
